
Microsoft Visual Studio Solution File, Format Version 12.00
# Visual Studio Version 17
VisualStudioVersion = 17.11.35303.130
MinimumVisualStudioVersion = 10.0.40219.1
Project("{FAE04EC0-301F-11D3-BF4B-00C04F79EFBC}") = "PR_8", "PR_8.csproj", "{B6261D15-1FDE-4378-90B5-DB12A91F90E2}"
EndProject
Global
	GlobalSection(SolutionConfigurationPlatforms) = preSolution
		Debug|Any CPU = Debug|Any CPU
		Release|Any CPU = Release|Any CPU
	EndGlobalSection
	GlobalSection(ProjectConfigurationPlatforms) = postSolution
		{B6261D15-1FDE-4378-90B5-DB12A91F90E2}.Debug|Any CPU.ActiveCfg = Debug|Any CPU
		{B6261D15-1FDE-4378-90B5-DB12A91F90E2}.Debug|Any CPU.Build.0 = Debug|Any CPU
		{B6261D15-1FDE-4378-90B5-DB12A91F90E2}.Release|Any CPU.ActiveCfg = Release|Any CPU
		{B6261D15-1FDE-4378-90B5-DB12A91F90E2}.Release|Any CPU.Build.0 = Release|Any CPU
	EndGlobalSection
	GlobalSection(SolutionProperties) = preSolution
		HideSolutionNode = FALSE
	EndGlobalSection
	GlobalSection(ExtensibilityGlobals) = postSolution
		SolutionGuid = {74CAE366-6AE5-46B9-AC2D-36A710AB78D9}
	EndGlobalSection
EndGlobal
